
Microsoft Visual Studio Solution File, Format Version 12.00
# Visual Studio 15
VisualStudioVersion = 15.0.28010.2036
MinimumVisualStudioVersion = 10.0.40219.1
Project("{9A19103F-16F7-4668-BE54-9A1E7A4F7556}") = "ServerCore", "ServerCore\ServerCore.csproj", "{0182F9B8-E997-4C77-96FD-0A8867DE7AD1}"
EndProject
Project("{9A19103F-16F7-4668-BE54-9A1E7A4F7556}") = "Storage", "Storage\Storage.csproj", "{2CA52FD9-B6A1-4B23-B224-B4E676EF33D7}"
EndProject
Project("{9A19103F-16F7-4668-BE54-9A1E7A4F7556}") = "ServerCore.Tests", "ServerCore.Tests\ServerCore.Tests.csproj", "{01A42499-924E-4512-8E8D-62BE2E058F8C}"
EndProject
Project("{9A19103F-16F7-4668-BE54-9A1E7A4F7556}") = "Common.Tests", "CommonTests\Common.Tests.csproj", "{A31E0AF9-A723-4102-9F16-22CD8104AEB7}"
EndProject
Project("{FAE04EC0-301F-11D3-BF4B-00C04F79EFBC}") = "Common", "CommonCode\Common.csproj", "{0F9FCB7E-441C-4DD3-B3DA-3733D9957055}"
EndProject
Project("{9A19103F-16F7-4668-BE54-9A1E7A4F7556}") = "StorageTests", "StorageTests\StorageTests.csproj", "{20E9EE17-90C5-4EC7-9EED-CE5E056823EC}"
EndProject
Project("{9A19103F-16F7-4668-BE54-9A1E7A4F7556}") = "WebPanel", "WebPanel\WebPanel.csproj", "{C526738D-9821-4483-9AEF-AC8E95A2FFD8}"
EndProject
Global
	GlobalSection(SolutionConfigurationPlatforms) = preSolution
		Debug|Any CPU = Debug|Any CPU
		Release|Any CPU = Release|Any CPU
	EndGlobalSection
	GlobalSection(ProjectConfigurationPlatforms) = postSolution
		{0182F9B8-E997-4C77-96FD-0A8867DE7AD1}.Debug|Any CPU.ActiveCfg = Debug|Any CPU
		{0182F9B8-E997-4C77-96FD-0A8867DE7AD1}.Debug|Any CPU.Build.0 = Debug|Any CPU
		{0182F9B8-E997-4C77-96FD-0A8867DE7AD1}.Release|Any CPU.ActiveCfg = Release|Any CPU
		{0182F9B8-E997-4C77-96FD-0A8867DE7AD1}.Release|Any CPU.Build.0 = Release|Any CPU
		{2CA52FD9-B6A1-4B23-B224-B4E676EF33D7}.Debug|Any CPU.ActiveCfg = Debug|Any CPU
		{2CA52FD9-B6A1-4B23-B224-B4E676EF33D7}.Debug|Any CPU.Build.0 = Debug|Any CPU
		{2CA52FD9-B6A1-4B23-B224-B4E676EF33D7}.Release|Any CPU.ActiveCfg = Release|Any CPU
		{2CA52FD9-B6A1-4B23-B224-B4E676EF33D7}.Release|Any CPU.Build.0 = Release|Any CPU
		{01A42499-924E-4512-8E8D-62BE2E058F8C}.Debug|Any CPU.ActiveCfg = Debug|Any CPU
		{01A42499-924E-4512-8E8D-62BE2E058F8C}.Debug|Any CPU.Build.0 = Debug|Any CPU
		{01A42499-924E-4512-8E8D-62BE2E058F8C}.Release|Any CPU.ActiveCfg = Release|Any CPU
		{01A42499-924E-4512-8E8D-62BE2E058F8C}.Release|Any CPU.Build.0 = Release|Any CPU
		{A31E0AF9-A723-4102-9F16-22CD8104AEB7}.Debug|Any CPU.ActiveCfg = Debug|Any CPU
		{A31E0AF9-A723-4102-9F16-22CD8104AEB7}.Debug|Any CPU.Build.0 = Debug|Any CPU
		{A31E0AF9-A723-4102-9F16-22CD8104AEB7}.Release|Any CPU.ActiveCfg = Release|Any CPU
		{A31E0AF9-A723-4102-9F16-22CD8104AEB7}.Release|Any CPU.Build.0 = Release|Any CPU
		{0F9FCB7E-441C-4DD3-B3DA-3733D9957055}.Debug|Any CPU.ActiveCfg = Debug|Any CPU
		{0F9FCB7E-441C-4DD3-B3DA-3733D9957055}.Debug|Any CPU.Build.0 = Debug|Any CPU
		{0F9FCB7E-441C-4DD3-B3DA-3733D9957055}.Release|Any CPU.ActiveCfg = Release|Any CPU
		{0F9FCB7E-441C-4DD3-B3DA-3733D9957055}.Release|Any CPU.Build.0 = Release|Any CPU
		{20E9EE17-90C5-4EC7-9EED-CE5E056823EC}.Debug|Any CPU.ActiveCfg = Debug|Any CPU
		{20E9EE17-90C5-4EC7-9EED-CE5E056823EC}.Debug|Any CPU.Build.0 = Debug|Any CPU
		{20E9EE17-90C5-4EC7-9EED-CE5E056823EC}.Release|Any CPU.ActiveCfg = Release|Any CPU
		{20E9EE17-90C5-4EC7-9EED-CE5E056823EC}.Release|Any CPU.Build.0 = Release|Any CPU
		{C526738D-9821-4483-9AEF-AC8E95A2FFD8}.Debug|Any CPU.ActiveCfg = Debug|Any CPU
		{C526738D-9821-4483-9AEF-AC8E95A2FFD8}.Debug|Any CPU.Build.0 = Debug|Any CPU
		{C526738D-9821-4483-9AEF-AC8E95A2FFD8}.Release|Any CPU.ActiveCfg = Release|Any CPU
		{C526738D-9821-4483-9AEF-AC8E95A2FFD8}.Release|Any CPU.Build.0 = Release|Any CPU
	EndGlobalSection
	GlobalSection(SolutionProperties) = preSolution
		HideSolutionNode = FALSE
	EndGlobalSection
	GlobalSection(ExtensibilityGlobals) = postSolution
		SolutionGuid = {794D0E6D-7B96-46C8-ACB8-BDBC238A43F5}
	EndGlobalSection
EndGlobal
